
Microsoft Visual Studio Solution File, Format Version 12.00
# Visual Studio Version 17
VisualStudioVersion = 17.8.34408.163
MinimumVisualStudioVersion = 10.0.40219.1
Project("{9A19103F-16F7-4668-BE54-9A1E7A4F7556}") = "DAL", "DAL\DAL.csproj", "{00C36DC2-B2C2-4D99-BE46-951D7D0B783F}"
EndProject
Project("{9A19103F-16F7-4668-BE54-9A1E7A4F7556}") = "GoChatFromSharp", "GoChatFromSharp\GoChatFromSharp.csproj", "{EEE58C6E-A802-4459-A519-2BA2829216FF}"
EndProject
Project("{9A19103F-16F7-4668-BE54-9A1E7A4F7556}") = "DataTests", "DataTests\DataTests.csproj", "{9307EB07-721B-4F73-B4DA-6DF835CE2023}"
EndProject
Project("{9A19103F-16F7-4668-BE54-9A1E7A4F7556}") = "ChatTests", "ChatTests\ChatTests.csproj", "{8BE094F5-5D44-4E57-9EC8-3ABE8F9AC5EA}"
EndProject
Global
	GlobalSection(SolutionConfigurationPlatforms) = preSolution
		Debug|Any CPU = Debug|Any CPU
		Release|Any CPU = Release|Any CPU
	EndGlobalSection
	GlobalSection(ProjectConfigurationPlatforms) = postSolution
		{00C36DC2-B2C2-4D99-BE46-951D7D0B783F}.Debug|Any CPU.ActiveCfg = Debug|Any CPU
		{00C36DC2-B2C2-4D99-BE46-951D7D0B783F}.Debug|Any CPU.Build.0 = Debug|Any CPU
		{00C36DC2-B2C2-4D99-BE46-951D7D0B783F}.Release|Any CPU.ActiveCfg = Release|Any CPU
		{00C36DC2-B2C2-4D99-BE46-951D7D0B783F}.Release|Any CPU.Build.0 = Release|Any CPU
		{EEE58C6E-A802-4459-A519-2BA2829216FF}.Debug|Any CPU.ActiveCfg = Debug|Any CPU
		{EEE58C6E-A802-4459-A519-2BA2829216FF}.Debug|Any CPU.Build.0 = Debug|Any CPU
		{EEE58C6E-A802-4459-A519-2BA2829216FF}.Release|Any CPU.ActiveCfg = Release|Any CPU
		{EEE58C6E-A802-4459-A519-2BA2829216FF}.Release|Any CPU.Build.0 = Release|Any CPU
		{9307EB07-721B-4F73-B4DA-6DF835CE2023}.Debug|Any CPU.ActiveCfg = Debug|Any CPU
		{9307EB07-721B-4F73-B4DA-6DF835CE2023}.Debug|Any CPU.Build.0 = Debug|Any CPU
		{9307EB07-721B-4F73-B4DA-6DF835CE2023}.Release|Any CPU.ActiveCfg = Release|Any CPU
		{9307EB07-721B-4F73-B4DA-6DF835CE2023}.Release|Any CPU.Build.0 = Release|Any CPU
		{8BE094F5-5D44-4E57-9EC8-3ABE8F9AC5EA}.Debug|Any CPU.ActiveCfg = Debug|Any CPU
		{8BE094F5-5D44-4E57-9EC8-3ABE8F9AC5EA}.Debug|Any CPU.Build.0 = Debug|Any CPU
		{8BE094F5-5D44-4E57-9EC8-3ABE8F9AC5EA}.Release|Any CPU.ActiveCfg = Release|Any CPU
		{8BE094F5-5D44-4E57-9EC8-3ABE8F9AC5EA}.Release|Any CPU.Build.0 = Release|Any CPU
	EndGlobalSection
	GlobalSection(SolutionProperties) = preSolution
		HideSolutionNode = FALSE
	EndGlobalSection
	GlobalSection(ExtensibilityGlobals) = postSolution
		SolutionGuid = {8BE59532-F085-4638-AE00-042F9A201706}
	EndGlobalSection
EndGlobal
